
Microsoft Visual Studio Solution File, Format Version 12.00
# Visual Studio Version 17
VisualStudioVersion = 17.4.33205.214
MinimumVisualStudioVersion = 10.0.40219.1
Project("{FAE04EC0-301F-11D3-BF4B-00C04F79EFBC}") = "Scarpe-ecommerce", "Scarpe-ecommerce\Scarpe-ecommerce.csproj", "{80ABB91C-C76E-48F6-806D-531449E73026}"
EndProject
Global
	GlobalSection(SolutionConfigurationPlatforms) = preSolution
		Debug|Any CPU = Debug|Any CPU
		Release|Any CPU = Release|Any CPU
	EndGlobalSection
	GlobalSection(ProjectConfigurationPlatforms) = postSolution
		{80ABB91C-C76E-48F6-806D-531449E73026}.Debug|Any CPU.ActiveCfg = Debug|Any CPU
		{80ABB91C-C76E-48F6-806D-531449E73026}.Debug|Any CPU.Build.0 = Debug|Any CPU
		{80ABB91C-C76E-48F6-806D-531449E73026}.Release|Any CPU.ActiveCfg = Release|Any CPU
		{80ABB91C-C76E-48F6-806D-531449E73026}.Release|Any CPU.Build.0 = Release|Any CPU
	EndGlobalSection
	GlobalSection(SolutionProperties) = preSolution
		HideSolutionNode = FALSE
	EndGlobalSection
	GlobalSection(ExtensibilityGlobals) = postSolution
		SolutionGuid = {2F4FDA51-5AAC-447F-9AEC-87368A513F0F}
	EndGlobalSection
EndGlobal
